// !$*UTF8*$!
{
	archiveVersion = 1;
	classes = {
	};
	objectVersion = 48;
	objects = {

/* Begin PBXBuildFile section */
		4106D8C4203059220064D3DB /* PlaySoundsViewController+Audio.swift in Sources */ = {isa = PBXBuildFile; fileRef = 4106D8C3203059220064D3DB /* PlaySoundsViewController+Audio.swift */; };
		41EB4781202F684C00B7BF69 /* AppDelegate.swift in Sources */ = {isa = PBXBuildFile; fileRef = 41EB4780202F684C00B7BF69 /* AppDelegate.swift */; };
		41EB4783202F684C00B7BF69 /* RecordSoundsViewController.swift in Sources */ = {isa = PBXBuildFile; fileRef = 41EB4782202F684C00B7BF69 /* RecordSoundsViewController.swift */; };
		41EB4786202F684C00B7BF69 /* Main.storyboard in Resources */ = {isa = PBXBuildFile; fileRef = 41EB4784202F684C00B7BF69 /* Main.storyboard */; };
		41EB4788202F684C00B7BF69 /* Assets.xcassets in Resources */ = {isa = PBXBuildFile; fileRef = 41EB4787202F684C00B7BF69 /* Assets.xcassets */; };
		41EB478B202F684C00B7BF69 /* LaunchScreen.storyboard in Resources */ = {isa = PBXBuildFile; fileRef = 41EB4789202F684C00B7BF69 /* LaunchScreen.storyboard */; };
		41EB4796202F684C00B7BF69 /* PitchPerfectTests.swift in Sources */ = {isa = PBXBuildFile; fileRef = 41EB4795202F684C00B7BF69 /* PitchPerfectTests.swift */; };
		41EB47A1202F684C00B7BF69 /* PitchPerfectUITests.swift in Sources */ = {isa = PBXBuildFile; fileRef = 41EB47A0202F684C00B7BF69 /* PitchPerfectUITests.swift */; };
		41EB47AF202FAB2300B7BF69 /* PlaySoundsViewController.swift in Sources */ = {isa = PBXBuildFile; fileRef = 41EB47AE202FAB2300B7BF69 /* PlaySoundsViewController.swift */; };
/* End PBXBuildFile section */

/* Begin PBXContainerItemProxy section */
		41EB4792202F684C00B7BF69 /* PBXContainerItemProxy */ = {
			isa = PBXContainerItemProxy;
			containerPortal = 41EB4775202F684C00B7BF69 /* Project object */;
			proxyType = 1;
			remoteGlobalIDString = 41EB477C202F684C00B7BF69;
			remoteInfo = PitchPerfect;
		};
		41EB479D202F684C00B7BF69 /* PBXContainerItemProxy */ = {
			isa = PBXContainerItemProxy;
			containerPortal = 41EB4775202F684C00B7BF69 /* Project object */;
			proxyType = 1;
			remoteGlobalIDString = 41EB477C202F684C00B7BF69;
			remoteInfo = PitchPerfect;
		};
/* End PBXContainerItemProxy section */

/* Begin PBXFileReference section */
		4106D8C3203059220064D3DB /* PlaySoundsViewController+Audio.swift */ = {isa = PBXFileReference; fileEncoding = 4; lastKnownFileType = sourcecode.swift; path = "PlaySoundsViewController+Audio.swift"; sourceTree = SOURCE_ROOT; };
		41EB477D202F684C00B7BF69 /* PitchPerfect.app */ = {isa = PBXFileReference; explicitFileType = wrapper.application; includeInIndex = 0; path = PitchPerfect.app; sourceTree = BUILT_PRODUCTS_DIR; };
		41EB4780202F684C00B7BF69 /* AppDelegate.swift */ = {isa = PBXFileReference; lastKnownFileType = sourcecode.swift; path = AppDelegate.swift; sourceTree = "<group>"; };
		41EB4782202F684C00B7BF69 /* RecordSoundsViewController.swift */ = {isa = PBXFileReference; lastKnownFileType = sourcecode.swift; path = RecordSoundsViewController.swift; sourceTree = "<group>"; };
		41EB4785202F684C00B7BF69 /* Base */ = {isa = PBXFileReference; lastKnownFileType = file.storyboard; name = Base; path = Base.lproj/Main.storyboard; sourceTree = "<group>"; };
		41EB4787202F684C00B7BF69 /* Assets.xcassets */ = {isa = PBXFileReference; lastKnownFileType = folder.assetcatalog; path = Assets.xcassets; sourceTree = "<group>"; };
		41EB478A202F684C00B7BF69 /* Base */ = {isa = PBXFileReference; lastKnownFileType = file.storyboard; name = Base; path = Base.lproj/LaunchScreen.storyboard; sourceTree = "<group>"; };
		41EB478C202F684C00B7BF69 /* Info.plist */ = {isa = PBXFileReference; lastKnownFileType = text.plist.xml; path = Info.plist; sourceTree = "<group>"; };
		41EB4791202F684C00B7BF69 /* PitchPerfectTests.xctest */ = {isa = PBXFileReference; explicitFileType = wrapper.cfbundle; includeInIndex = 0; path = PitchPerfectTests.xctest; sourceTree = BUILT_PRODUCTS_DIR; };
		41EB4795202F684C00B7BF69 /* PitchPerfectTests.swift */ = {isa = PBXFileReference; lastKnownFileType = sourcecode.swift; path = PitchPerfectTests.swift; sourceTree = "<group>"; };
		41EB4797202F684C00B7BF69 /* Info.plist */ = {isa = PBXFileReference; lastKnownFileType = text.plist.xml; path = Info.plist; sourceTree = "<group>"; };
		41EB479C202F684C00B7BF69 /* PitchPerfectUITests.xctest */ = {isa = PBXFileReference; explicitFileType = wrapper.cfbundle; includeInIndex = 0; path = PitchPerfectUITests.xctest; sourceTree = BUILT_PRODUCTS_DIR; };
		41EB47A0202F684C00B7BF69 /* PitchPerfectUITests.swift */ = {isa = PBXFileReference; lastKnownFileType = sourcecode.swift; path = PitchPerfectUITests.swift; sourceTree = "<group>"; };
		41EB47A2202F684C00B7BF69 /* Info.plist */ = {isa = PBXFileReference; lastKnownFileType = text.plist.xml; path = Info.plist; sourceTree = "<group>"; };
		41EB47AE202FAB2300B7BF69 /* PlaySoundsViewController.swift */ = {isa = PBXFileReference; lastKnownFileType = sourcecode.swift; path = PlaySoundsViewController.swift; sourceTree = "<group>"; };
/* End PBXFileReference section */

/* Begin PBXFrameworksBuildPhase section */
		41EB477A202F684C00B7BF69 /* Frameworks */ = {
			isa = PBXFrameworksBuildPhase;
			buildActionMask = 2147483647;
			files = (
			);
			runOnlyForDeploymentPostprocessing = 0;
		};
		41EB478E202F684C00B7BF69 /* Frameworks */ = {
			isa = PBXFrameworksBuildPhase;
			buildActionMask = 2147483647;
			files = (
			);
			runOnlyForDeploymentPostprocessing = 0;
		};
		41EB4799202F684C00B7BF69 /* Frameworks */ = {
			isa = PBXFrameworksBuildPhase;
			buildActionMask = 2147483647;
			files = (
			);
			runOnlyForDeploymentPostprocessing = 0;
		};
/* End PBXFrameworksBuildPhase section */

/* Begin PBXGroup section */
		41EB4774202F684C00B7BF69 = {
			isa = PBXGroup;
			children = (
				41EB477F202F684C00B7BF69 /* PitchPerfect */,
				41EB4794202F684C00B7BF69 /* PitchPerfectTests */,
				41EB479F202F684C00B7BF69 /* PitchPerfectUITests */,
				41EB477E202F684C00B7BF69 /* Products */,
			);
			sourceTree = "<group>";
		};
		41EB477E202F684C00B7BF69 /* Products */ = {
			isa = PBXGroup;
			children = (
				41EB477D202F684C00B7BF69 /* PitchPerfect.app */,
				41EB4791202F684C00B7BF69 /* PitchPerfectTests.xctest */,
				41EB479C202F684C00B7BF69 /* PitchPerfectUITests.xctest */,
			);
			name = Products;
			sourceTree = "<group>";
		};
		41EB477F202F684C00B7BF69 /* PitchPerfect */ = {
			isa = PBXGroup;
			children = (
				41EB4780202F684C00B7BF69 /* AppDelegate.swift */,
				41EB4784202F684C00B7BF69 /* Main.storyboard */,
				41EB4782202F684C00B7BF69 /* RecordSoundsViewController.swift */,
				41EB4787202F684C00B7BF69 /* Assets.xcassets */,
				41EB4789202F684C00B7BF69 /* LaunchScreen.storyboard */,
				41EB478C202F684C00B7BF69 /* Info.plist */,
				41EB47AE202FAB2300B7BF69 /* PlaySoundsViewController.swift */,
				4106D8C3203059220064D3DB /* PlaySoundsViewController+Audio.swift */,
			);
			path = PitchPerfect;
			sourceTree = "<group>";
		};
		41EB4794202F684C00B7BF69 /* PitchPerfectTests */ = {
			isa = PBXGroup;
			children = (
				41EB4795202F684C00B7BF69 /* PitchPerfectTests.swift */,
				41EB4797202F684C00B7BF69 /* Info.plist */,
			);
			path = PitchPerfectTests;
			sourceTree = "<group>";
		};
		41EB479F202F684C00B7BF69 /* PitchPerfectUITests */ = {
			isa = PBXGroup;
			children = (
				41EB47A0202F684C00B7BF69 /* PitchPerfectUITests.swift */,
				41EB47A2202F684C00B7BF69 /* Info.plist */,
			);
			path = PitchPerfectUITests;
			sourceTree = "<group>";
		};
/* End PBXGroup section */

/* Begin PBXNativeTarget section */
		41EB477C202F684C00B7BF69 /* PitchPerfect */ = {
			isa = PBXNativeTarget;
			buildConfigurationList = 41EB47A5202F684C00B7BF69 /* Build configuration list for PBXNativeTarget "PitchPerfect" */;
			buildPhases = (
				41EB4779202F684C00B7BF69 /* Sources */,
				41EB477A202F684C00B7BF69 /* Frameworks */,
				41EB477B202F684C00B7BF69 /* Resources */,
			);
			buildRules = (
			);
			dependencies = (
			);
			name = PitchPerfect;
			productName = PitchPerfect;
			productReference = 41EB477D202F684C00B7BF69 /* PitchPerfect.app */;
			productType = "com.apple.product-type.application";
		};
		41EB4790202F684C00B7BF69 /* PitchPerfectTests */ = {
			isa = PBXNativeTarget;
			buildConfigurationList = 41EB47A8202F684C00B7BF69 /* Build configuration list for PBXNativeTarget "PitchPerfectTests" */;
			buildPhases = (
				41EB478D202F684C00B7BF69 /* Sources */,
				41EB478E202F684C00B7BF69 /* Frameworks */,
				41EB478F202F684C00B7BF69 /* Resources */,
			);
			buildRules = (
			);
			dependencies = (
				41EB4793202F684C00B7BF69 /* PBXTargetDependency */,
			);
			name = PitchPerfectTests;
			productName = PitchPerfectTests;
			productReference = 41EB4791202F684C00B7BF69 /* PitchPerfectTests.xctest */;
			productType = "com.apple.product-type.bundle.unit-test";
		};
		41EB479B202F684C00B7BF69 /* PitchPerfectUITests */ = {
			isa = PBXNativeTarget;
			buildConfigurationList = 41EB47AB202F684C00B7BF69 /* Build configuration list for PBXNativeTarget "PitchPerfectUITests" */;
			buildPhases = (
				41EB4798202F684C00B7BF69 /* Sources */,
				41EB4799202F684C00B7BF69 /* Frameworks */,
				41EB479A202F684C00B7BF69 /* Resources */,
			);
			buildRules = (
			);
			dependencies = (
				41EB479E202F684C00B7BF69 /* PBXTargetDependency */,
			);
			name = PitchPerfectUITests;
			productName = PitchPerfectUITests;
			productReference = 41EB479C202F684C00B7BF69 /* PitchPerfectUITests.xctest */;
			productType = "com.apple.product-type.bundle.ui-testing";
		};
/* End PBXNativeTarget section */

/* Begin PBXProject section */
		41EB4775202F684C00B7BF69 /* Project object */ = {
			isa = PBXProject;
			attributes = {
				LastSwiftUpdateCheck = 0920;
				LastUpgradeCheck = 0920;
				ORGANIZATIONNAME = "Paras Thakur";
				TargetAttributes = {
					41EB477C202F684C00B7BF69 = {
						CreatedOnToolsVersion = 9.2;
						ProvisioningStyle = Automatic;
					};
					41EB4790202F684C00B7BF69 = {
						CreatedOnToolsVersion = 9.2;
						ProvisioningStyle = Automatic;
						TestTargetID = 41EB477C202F684C00B7BF69;
					};
					41EB479B202F684C00B7BF69 = {
						CreatedOnToolsVersion = 9.2;
						ProvisioningStyle = Automatic;
						TestTargetID = 41EB477C202F684C00B7BF69;
					};
				};
			};
			buildConfigurationList = 41EB4778202F684C00B7BF69 /* Build configuration list for PBXProject "PitchPerfect" */;
			compatibilityVersion = "Xcode 8.0";
			developmentRegion = en;
			hasScannedForEncodings = 0;
			knownRegions = (
				en,
				Base,
			);
			mainGroup = 41EB4774202F684C00B7BF69;
			productRefGroup = 41EB477E202F684C00B7BF69 /* Products */;
			projectDirPath = "";
			projectRoot = "";
			targets = (
				41EB477C202F684C00B7BF69 /* PitchPerfect */,
				41EB4790202F684C00B7BF69 /* PitchPerfectTests */,
				41EB479B202F684C00B7BF69 /* PitchPerfectUITests */,
			);
		};
/* End PBXProject section */

/* Begin PBXResourcesBuildPhase section */
		41EB477B202F684C00B7BF69 /* Resources */ = {
			isa = PBXResourcesBuildPhase;
			buildActionMask = 2147483647;
			files = (
				41EB478B202F684C00B7BF69 /* LaunchScreen.storyboard in Resources */,
				41EB4788202F684C00B7BF69 /* Assets.xcassets in Resources */,
				41EB4786202F684C00B7BF69 /* Main.storyboard in Resources */,
			);
			runOnlyForDeploymentPostprocessing = 0;
		};
		41EB478F202F684C00B7BF69 /* Resources */ = {
			isa = PBXResourcesBuildPhase;
			buildActionMask = 2147483647;
			files = (
			);
			runOnlyForDeploymentPostprocessing = 0;
		};
		41EB479A202F684C00B7BF69 /* Resources */ = {
			isa = PBXResourcesBuildPhase;
			buildActionMask = 2147483647;
			files = (
			);
			runOnlyForDeploymentPostprocessing = 0;
		};
/* End PBXResourcesBuildPhase section */

/* Begin PBXSourcesBuildPhase section */
		41EB4779202F684C00B7BF69 /* Sources */ = {
			isa = PBXSourcesBuildPhase;
			buildActionMask = 2147483647;
			files = (
				41EB4783202F684C00B7BF69 /* RecordSoundsViewController.swift in Sources */,
				4106D8C4203059220064D3DB /* PlaySoundsViewController+Audio.swift in Sources */,
				41EB47AF202FAB2300B7BF69 /* PlaySoundsViewController.swift in Sources */,
				41EB4781202F684C00B7BF69 /* AppDelegate.swift in Sources */,
			);
			runOnlyForDeploymentPostprocessing = 0;
		};
		41EB478D202F684C00B7BF69 /* Sources */ = {
			isa = PBXSourcesBuildPhase;
			buildActionMask = 2147483647;
			files = (
				41EB4796202F684C00B7BF69 /* PitchPerfectTests.swift in Sources */,
			);
			runOnlyForDeploymentPostprocessing = 0;
		};
		41EB4798202F684C00B7BF69 /* Sources */ = {
			isa = PBXSourcesBuildPhase;
			buildActionMask = 2147483647;
			files = (
				41EB47A1202F684C00B7BF69 /* PitchPerfectUITests.swift in Sources */,
			);
			runOnlyForDeploymentPostprocessing = 0;
		};
/* End PBXSourcesBuildPhase section */

/* Begin PBXTargetDependency section */
		41EB4793202F684C00B7BF69 /* PBXTargetDependency */ = {
			isa = PBXTargetDependency;
			target = 41EB477C202F684C00B7BF69 /* PitchPerfect */;
			targetProxy = 41EB4792202F684C00B7BF69 /* PBXContainerItemProxy */;
		};
		41EB479E202F684C00B7BF69 /* PBXTargetDependency */ = {
			isa = PBXTargetDependency;
			target = 41EB477C202F684C00B7BF69 /* PitchPerfect */;
			targetProxy = 41EB479D202F684C00B7BF69 /* PBXContainerItemProxy */;
		};
/* End PBXTargetDependency section */

/* Begin PBXVariantGroup section */
		41EB4784202F684C00B7BF69 /* Main.storyboard */ = {
			isa = PBXVariantGroup;
			children = (
				41EB4785202F684C00B7BF69 /* Base */,
			);
			name = Main.storyboard;
			sourceTree = "<group>";
		};
		41EB4789202F684C00B7BF69 /* LaunchScreen.storyboard */ = {
			isa = PBXVariantGroup;
			children = (
				41EB478A202F684C00B7BF69 /* Base */,
			);
			name = LaunchScreen.storyboard;
			sourceTree = "<group>";
		};
/* End PBXVariantGroup section */

/* Begin XCBuildConfiguration section */
		41EB47A3202F684C00B7BF69 /* Debug */ = {
			isa = XCBuildConfiguration;
			buildSettings = {
				ALWAYS_SEARCH_USER_PATHS = NO;
				CLANG_ANALYZER_NONNULL = YES;
				CLANG_ANALYZER_NUMBER_OBJECT_CONVERSION = YES_AGGRESSIVE;
				CLANG_CXX_LANGUAGE_STANDARD = "gnu++14";
				CLANG_CXX_LIBRARY = "libc++";
				CLANG_ENABLE_MODULES = YES;
				CLANG_ENABLE_OBJC_ARC = YES;
				CLANG_WARN_BLOCK_CAPTURE_AUTORELEASING = YES;
				CLANG_WARN_BOOL_CONVERSION = YES;
				CLANG_WARN_COMMA = YES;
				CLANG_WARN_CONSTANT_CONVERSION = YES;
				CLANG_WARN_DIRECT_OBJC_ISA_USAGE = YES_ERROR;
				CLANG_WARN_DOCUMENTATION_COMMENTS = YES;
				CLANG_WARN_EMPTY_BODY = YES;
				CLANG_WARN_ENUM_CONVERSION = YES;
				CLANG_WARN_INFINITE_RECURSION = YES;
				CLANG_WARN_INT_CONVERSION = YES;
				CLANG_WARN_NON_LITERAL_NULL_CONVERSION = YES;
				CLANG_WARN_OBJC_LITERAL_CONVERSION = YES;
				CLANG_WARN_OBJC_ROOT_CLASS = YES_ERROR;
				CLANG_WARN_RANGE_LOOP_ANALYSIS = YES;
				CLANG_WARN_STRICT_PROTOTYPES = YES;
				CLANG_WARN_SUSPICIOUS_MOVE = YES;
				CLANG_WARN_UNGUARDED_AVAILABILITY = YES_AGGRESSIVE;
				CLANG_WARN_UNREACHABLE_CODE = YES;
				CLANG_WARN__DUPLICATE_METHOD_MATCH = YES;
				CODE_SIGN_IDENTITY = "iPhone Developer";
				COPY_PHASE_STRIP = NO;
				DEBUG_INFORMATION_FORMAT = dwarf;
				ENABLE_STRICT_OBJC_MSGSEND = YES;
				ENABLE_TESTABILITY = YES;
				GCC_C_LANGUAGE_STANDARD = gnu11;
				GCC_DYNAMIC_NO_PIC = NO;
				GCC_NO_COMMON_BLOCKS = YES;
				GCC_OPTIMIZATION_LEVEL = 0;
				GCC_PREPROCESSOR_DEFINITIONS = (
					"DEBUG=1",
					"$(inherited)",
				);
				GCC_WARN_64_TO_32_BIT_CONVERSION = YES;
				GCC_WARN_ABOUT_RETURN_TYPE = YES_ERROR;
				GCC_WARN_UNDECLARED_SELECTOR = YES;
				GCC_WARN_UNINITIALIZED_AUTOS = YES_AGGRESSIVE;
				GCC_WARN_UNUSED_FUNCTION = YES;
				GCC_WARN_UNUSED_VARIABLE = YES;
				IPHONEOS_DEPLOYMENT_TARGET = 11.2;
				MTL_ENABLE_DEBUG_INFO = YES;
				ONLY_ACTIVE_ARCH = YES;
				SDKROOT = iphoneos;
				SWIFT_ACTIVE_COMPILATION_CONDITIONS = DEBUG;
				SWIFT_OPTIMIZATION_LEVEL = "-Onone";
			};
			name = Debug;
		};
		41EB47A4202F684C00B7BF69 /* Release */ = {
			isa = XCBuildConfiguration;
			buildSettings = {
				ALWAYS_SEARCH_USER_PATHS = NO;
				CLANG_ANALYZER_NONNULL = YES;
				CLANG_ANALYZER_NUMBER_OBJECT_CONVERSION = YES_AGGRESSIVE;
				CLANG_CXX_LANGUAGE_STANDARD = "gnu++14";
				CLANG_CXX_LIBRARY = "libc++";
				CLANG_ENABLE_MODULES = YES;
				CLANG_ENABLE_OBJC_ARC = YES;
				CLANG_WARN_BLOCK_CAPTURE_AUTORELEASING = YES;
				CLANG_WARN_BOOL_CONVERSION = YES;
				CLANG_WARN_COMMA = YES;
				CLANG_WARN_CONSTANT_CONVERSION = YES;
				CLANG_WARN_DIRECT_OBJC_ISA_USAGE = YES_ERROR;
				CLANG_WARN_DOCUMENTATION_COMMENTS = YES;
				CLANG_WARN_EMPTY_BODY = YES;
				CLANG_WARN_ENUM_CONVERSION = YES;
				CLANG_WARN_INFINITE_RECURSION = YES;
				CLANG_WARN_INT_CONVERSION = YES;
				CLANG_WARN_NON_LITERAL_NULL_CONVERSION = YES;
				CLANG_WARN_OBJC_LITERAL_CONVERSION = YES;
				CLANG_WARN_OBJC_ROOT_CLASS = YES_ERROR;
				CLANG_WARN_RANGE_LOOP_ANALYSIS = YES;
				CLANG_WARN_STRICT_PROTOTYPES = YES;
				CLANG_WARN_SUSPICIOUS_MOVE = YES;
				CLANG_WARN_UNGUARDED_AVAILABILITY = YES_AGGRESSIVE;
				CLANG_WARN_UNREACHABLE_CODE = YES;
				CLANG_WARN__DUPLICATE_METHOD_MATCH = YES;
				CODE_SIGN_IDENTITY = "iPhone Developer";
				COPY_PHASE_STRIP = NO;
				DEBUG_INFORMATION_FORMAT = "dwarf-with-dsym";
				ENABLE_NS_ASSERTIONS = NO;
				ENABLE_STRICT_OBJC_MSGSEND = YES;
				GCC_C_LANGUAGE_STANDARD = gnu11;
				GCC_NO_COMMON_BLOCKS = YES;
				GCC_WARN_64_TO_32_BIT_CONVERSION = YES;
				GCC_WARN_ABOUT_RETURN_TYPE = YES_ERROR;
				GCC_WARN_UNDECLARED_SELECTOR = YES;
				GCC_WARN_UNINITIALIZED_AUTOS = YES_AGGRESSIVE;
				GCC_WARN_UNUSED_FUNCTION = YES;
				GCC_WARN_UNUSED_VARIABLE = YES;
				IPHONEOS_DEPLOYMENT_TARGET = 11.2;
				MTL_ENABLE_DEBUG_INFO = NO;
				SDKROOT = iphoneos;
				SWIFT_OPTIMIZATION_LEVEL = "-Owholemodule";
				VALIDATE_PRODUCT = YES;
			};
			name = Release;
		};
		41EB47A6202F684C00B7BF69 /* Debug */ = {
			isa = XCBuildConfiguration;
			buildSettings = {
				ASSETCATALOG_COMPILER_APPICON_NAME = AppIcon;
				CODE_SIGN_STYLE = Automatic;
				DEVELOPMENT_TEAM = 9724JH8657;
				INFOPLIST_FILE = PitchPerfect/Info.plist;
				IPHONEOS_DEPLOYMENT_TARGET = 11.1;
				LD_RUNPATH_SEARCH_PATHS = "$(inherited) @executable_path/Frameworks";
				PRODUCT_BUNDLE_IDENTIFIER = paras.PitchPerfect;
				PRODUCT_NAME = "$(TARGET_NAME)";
				SWIFT_VERSION = 4.0;
				TARGETED_DEVICE_FAMILY = "1,2";
			};
			name = Debug;
		};
		41EB47A7202F684C00B7BF69 /* Release */ = {
			isa = XCBuildConfiguration;
			buildSettings = {
				ASSETCATALOG_COMPILER_APPICON_NAME = AppIcon;
				CODE_SIGN_STYLE = Automatic;
				DEVELOPMENT_TEAM = 9724JH8657;
				INFOPLIST_FILE = PitchPerfect/Info.plist;
				IPHONEOS_DEPLOYMENT_TARGET = 11.1;
				LD_RUNPATH_SEARCH_PATHS = "$(inherited) @executable_path/Frameworks";
				PRODUCT_BUNDLE_IDENTIFIER = paras.PitchPerfect;
				PRODUCT_NAME = "$(TARGET_NAME)";
				SWIFT_VERSION = 4.0;
				TARGETED_DEVICE_FAMILY = "1,2";
			};
			name = Release;
		};
		41EB47A9202F684C00B7BF69 /* Debug */ = {
			isa = XCBuildConfiguration;
			buildSettings = {
				ALWAYS_EMBED_SWIFT_STANDARD_LIBRARIES = YES;
				BUNDLE_LOADER = "$(TEST_HOST)";
				CODE_SIGN_STYLE = Automatic;
				DEVELOPMENT_TEAM = 9724JH8657;
				INFOPLIST_FILE = PitchPerfectTests/Info.plist;
				LD_RUNPATH_SEARCH_PATHS = "$(inherited) @executable_path/Frameworks @loader_path/Frameworks";
				PRODUCT_BUNDLE_IDENTIFIER = paras.PitchPerfectTests;
				PRODUCT_NAME = "$(TARGET_NAME)";
				SWIFT_VERSION = 4.0;
				TARGETED_DEVICE_FAMILY = "1,2";
				TEST_HOST = "$(BUILT_PRODUCTS_DIR)/PitchPerfect.app/PitchPerfect";
			};
			name = Debug;
		};
		41EB47AA202F684C00B7BF69 /* Release */ = {
			isa = XCBuildConfiguration;
			buildSettings = {
				ALWAYS_EMBED_SWIFT_STANDARD_LIBRARIES = YES;
				BUNDLE_LOADER = "$(TEST_HOST)";
				CODE_SIGN_STYLE = Automatic;
				DEVELOPMENT_TEAM = 9724JH8657;
				INFOPLIST_FILE = PitchPerfectTests/Info.plist;
				LD_RUNPATH_SEARCH_PATHS = "$(inherited) @executable_path/Frameworks @loader_path/Frameworks";
				PRODUCT_BUNDLE_IDENTIFIER = paras.PitchPerfectTests;
				PRODUCT_NAME = "$(TARGET_NAME)";
				SWIFT_VERSION = 4.0;
				TARGETED_DEVICE_FAMILY = "1,2";
				TEST_HOST = "$(BUILT_PRODUCTS_DIR)/PitchPerfect.app/PitchPerfect";
			};
			name = Release;
		};
		41EB47AC202F684C00B7BF69 /* Debug */ = {
			isa = XCBuildConfiguration;
			buildSettings = {
				ALWAYS_EMBED_SWIFT_STANDARD_LIBRARIES = YES;
				CODE_SIGN_STYLE = Automatic;
				DEVELOPMENT_TEAM = 9724JH8657;
				INFOPLIST_FILE = PitchPerfectUITests/Info.plist;
				LD_RUNPATH_SEARCH_PATHS = "$(inherited) @executable_path/Frameworks @loader_path/Frameworks";
				PRODUCT_BUNDLE_IDENTIFIER = paras.PitchPerfectUITests;
				PRODUCT_NAME = "$(TARGET_NAME)";
				SWIFT_VERSION = 4.0;
				TARGETED_DEVICE_FAMILY = "1,2";
				TEST_TARGET_NAME = PitchPerfect;
			};
			name = Debug;
		};
		41EB47AD202F684C00B7BF69 /* Release */ = {
			isa = XCBuildConfiguration;
			buildSettings = {
				ALWAYS_EMBED_SWIFT_STANDARD_LIBRARIES = YES;
				CODE_SIGN_STYLE = Automatic;
				DEVELOPMENT_TEAM = 9724JH8657;
				INFOPLIST_FILE = PitchPerfectUITests/Info.plist;
				LD_RUNPATH_SEARCH_PATHS = "$(inherited) @executable_path/Frameworks @loader_path/Frameworks";
				PRODUCT_BUNDLE_IDENTIFIER = paras.PitchPerfectUITests;
				PRODUCT_NAME = "$(TARGET_NAME)";
				SWIFT_VERSION = 4.0;
				TARGETED_DEVICE_FAMILY = "1,2";
				TEST_TARGET_NAME = PitchPerfect;
			};
			name = Release;
		};
/* End XCBuildConfiguration section */

/* Begin XCConfigurationList section */
		41EB4778202F684C00B7BF69 /* Build configuration list for PBXProject "PitchPerfect" */ = {
			isa = XCConfigurationList;
			buildConfigurations = (
				41EB47A3202F684C00B7BF69 /* Debug */,
				41EB47A4202F684C00B7BF69 /* Release */,
			);
			defaultConfigurationIsVisible = 0;
			defaultConfigurationName = Release;
		};
		41EB47A5202F684C00B7BF69 /* Build configuration list for PBXNativeTarget "PitchPerfect" */ = {
			isa = XCConfigurationList;
			buildConfigurations = (
				41EB47A6202F684C00B7BF69 /* Debug */,
				41EB47A7202F684C00B7BF69 /* Release */,
			);
			defaultConfigurationIsVisible = 0;
			defaultConfigurationName = Release;
		};
		41EB47A8202F684C00B7BF69 /* Build configuration list for PBXNativeTarget "PitchPerfectTests" */ = {
			isa = XCConfigurationList;
			buildConfigurations = (
				41EB47A9202F684C00B7BF69 /* Debug */,
				41EB47AA202F684C00B7BF69 /* Release */,
			);
			defaultConfigurationIsVisible = 0;
			defaultConfigurationName = Release;
		};
		41EB47AB202F684C00B7BF69 /* Build configuration list for PBXNativeTarget "PitchPerfectUITests" */ = {
			isa = XCConfigurationList;
			buildConfigurations = (
				41EB47AC202F684C00B7BF69 /* Debug */,
				41EB47AD202F684C00B7BF69 /* Release */,
			);
			defaultConfigurationIsVisible = 0;
			defaultConfigurationName = Release;
		};
/* End XCConfigurationList section */
	};
	rootObject = 41EB4775202F684C00B7BF69 /* Project object */;
}
